
Microsoft Visual Studio Solution File, Format Version 12.00
# Visual Studio 15
Project("{FAE04EC0-301F-11D3-BF4B-00C04F79EFBC}") = "AstarPathfindingProject", "AstarPathfindingProject.csproj", "{51B62C03-89CC-36A2-F433-BC663A4EAFD6}"
EndProject
Project("{FAE04EC0-301F-11D3-BF4B-00C04F79EFBC}") = "Assembly-CSharp", "Assembly-CSharp.csproj", "{55A3A28A-65AF-3479-2B74-705E6C53F01B}"
EndProject
Project("{FAE04EC0-301F-11D3-BF4B-00C04F79EFBC}") = "PackageToolsEditor", "PackageToolsEditor.csproj", "{F99ECAF1-5FE0-83CF-E751-AB9A22E3BFD5}"
EndProject
Project("{FAE04EC0-301F-11D3-BF4B-00C04F79EFBC}") = "AstarPathfindingProjectEditor", "AstarPathfindingProjectEditor.csproj", "{52A14349-F154-6BE0-DEA8-D0870CC8F41F}"
EndProject
Global
	GlobalSection(SolutionConfigurationPlatforms) = preSolution
		Debug|Any CPU = Debug|Any CPU
		Release|Any CPU = Release|Any CPU
	EndGlobalSection
	GlobalSection(ProjectConfigurationPlatforms) = postSolution
		{51B62C03-89CC-36A2-F433-BC663A4EAFD6}.Debug|Any CPU.ActiveCfg = Debug|Any CPU
		{51B62C03-89CC-36A2-F433-BC663A4EAFD6}.Debug|Any CPU.Build.0 = Debug|Any CPU
		{51B62C03-89CC-36A2-F433-BC663A4EAFD6}.Release|Any CPU.ActiveCfg = Release|Any CPU
		{51B62C03-89CC-36A2-F433-BC663A4EAFD6}.Release|Any CPU.Build.0 = Release|Any CPU
		{55A3A28A-65AF-3479-2B74-705E6C53F01B}.Debug|Any CPU.ActiveCfg = Debug|Any CPU
		{55A3A28A-65AF-3479-2B74-705E6C53F01B}.Debug|Any CPU.Build.0 = Debug|Any CPU
		{55A3A28A-65AF-3479-2B74-705E6C53F01B}.Release|Any CPU.ActiveCfg = Release|Any CPU
		{55A3A28A-65AF-3479-2B74-705E6C53F01B}.Release|Any CPU.Build.0 = Release|Any CPU
		{F99ECAF1-5FE0-83CF-E751-AB9A22E3BFD5}.Debug|Any CPU.ActiveCfg = Debug|Any CPU
		{F99ECAF1-5FE0-83CF-E751-AB9A22E3BFD5}.Debug|Any CPU.Build.0 = Debug|Any CPU
		{F99ECAF1-5FE0-83CF-E751-AB9A22E3BFD5}.Release|Any CPU.ActiveCfg = Release|Any CPU
		{F99ECAF1-5FE0-83CF-E751-AB9A22E3BFD5}.Release|Any CPU.Build.0 = Release|Any CPU
		{52A14349-F154-6BE0-DEA8-D0870CC8F41F}.Debug|Any CPU.ActiveCfg = Debug|Any CPU
		{52A14349-F154-6BE0-DEA8-D0870CC8F41F}.Debug|Any CPU.Build.0 = Debug|Any CPU
		{52A14349-F154-6BE0-DEA8-D0870CC8F41F}.Release|Any CPU.ActiveCfg = Release|Any CPU
		{52A14349-F154-6BE0-DEA8-D0870CC8F41F}.Release|Any CPU.Build.0 = Release|Any CPU
	EndGlobalSection
	GlobalSection(SolutionProperties) = preSolution
		HideSolutionNode = FALSE
	EndGlobalSection
EndGlobal
